// !$*UTF8*$!
{
	archiveVersion = 1;
	classes = {
	};
	objectVersion = 55;
	objects = {

/* Begin PBXBuildFile section */
		510129A9295E511B00BEBEE0 /* AppDelegate.swift in Sources */ = {isa = PBXBuildFile; fileRef = 510129A8295E511B00BEBEE0 /* AppDelegate.swift */; };
		510129AB295E511B00BEBEE0 /* SceneDelegate.swift in Sources */ = {isa = PBXBuildFile; fileRef = 510129AA295E511B00BEBEE0 /* SceneDelegate.swift */; };
		510129AD295E511B00BEBEE0 /* MainTabbarController.swift in Sources */ = {isa = PBXBuildFile; fileRef = 510129AC295E511B00BEBEE0 /* MainTabbarController.swift */; };
		510129B2295E511F00BEBEE0 /* Assets.xcassets in Resources */ = {isa = PBXBuildFile; fileRef = 510129B1295E511F00BEBEE0 /* Assets.xcassets */; };
		510129B5295E511F00BEBEE0 /* LaunchScreen.storyboard in Resources */ = {isa = PBXBuildFile; fileRef = 510129B3295E511F00BEBEE0 /* LaunchScreen.storyboard */; };
		510129C4295E587200BEBEE0 /* Location.swift in Sources */ = {isa = PBXBuildFile; fileRef = 510129C3295E587200BEBEE0 /* Location.swift */; };
		510129C6295E5FE600BEBEE0 /* Character.swift in Sources */ = {isa = PBXBuildFile; fileRef = 510129C5295E5FE600BEBEE0 /* Character.swift */; };
		510129C8295E5FEE00BEBEE0 /* Episode.swift in Sources */ = {isa = PBXBuildFile; fileRef = 510129C7295E5FEE00BEBEE0 /* Episode.swift */; };
		510129CB295E60F000BEBEE0 /* CharacterViewController.swift in Sources */ = {isa = PBXBuildFile; fileRef = 510129CA295E60F000BEBEE0 /* CharacterViewController.swift */; };
		510129CD295E615F00BEBEE0 /* LocationViewController.swift in Sources */ = {isa = PBXBuildFile; fileRef = 510129CC295E615F00BEBEE0 /* LocationViewController.swift */; };
		510129CF295E616E00BEBEE0 /* EpisodeViewController.swift in Sources */ = {isa = PBXBuildFile; fileRef = 510129CE295E616E00BEBEE0 /* EpisodeViewController.swift */; };
		510129D1295E61B500BEBEE0 /* SettingsViewController.swift in Sources */ = {isa = PBXBuildFile; fileRef = 510129D0295E61B500BEBEE0 /* SettingsViewController.swift */; };
		510129D3295FCBEE00BEBEE0 /* NetworkService.swift in Sources */ = {isa = PBXBuildFile; fileRef = 510129D2295FCBEE00BEBEE0 /* NetworkService.swift */; };
		510129D5295FCC5100BEBEE0 /* NetworkRequest.swift in Sources */ = {isa = PBXBuildFile; fileRef = 510129D4295FCC5100BEBEE0 /* NetworkRequest.swift */; };
		510129D7295FCEA900BEBEE0 /* NetworkEndpoint.swift in Sources */ = {isa = PBXBuildFile; fileRef = 510129D6295FCEA900BEBEE0 /* NetworkEndpoint.swift */; };
		510129D9295FF73C00BEBEE0 /* Origin.swift in Sources */ = {isa = PBXBuildFile; fileRef = 510129D8295FF73B00BEBEE0 /* Origin.swift */; };
		510129DB296008B500BEBEE0 /* SingleLocation.swift in Sources */ = {isa = PBXBuildFile; fileRef = 510129DA296008B500BEBEE0 /* SingleLocation.swift */; };
		510129DD29600C8E00BEBEE0 /* CharacterStatus.swift in Sources */ = {isa = PBXBuildFile; fileRef = 510129DC29600C8E00BEBEE0 /* CharacterStatus.swift */; };
		510129DF29600D1B00BEBEE0 /* CharacterGender.swift in Sources */ = {isa = PBXBuildFile; fileRef = 510129DE29600D1B00BEBEE0 /* CharacterGender.swift */; };
		51089AA4297A7B1C00B9E1A6 /* SearchViewController.swift in Sources */ = {isa = PBXBuildFile; fileRef = 51089AA3297A7B1C00B9E1A6 /* SearchViewController.swift */; };
		511FA5AF296A52B100F01362 /* ImageLoader.swift in Sources */ = {isa = PBXBuildFile; fileRef = 511FA5AE296A52B100F01362 /* ImageLoader.swift */; };
		51513CF62963CEC50033BC38 /* Extensions.swift in Sources */ = {isa = PBXBuildFile; fileRef = 51513CF52963CEC50033BC38 /* Extensions.swift */; };
		51513CF8296452C30033BC38 /* CharacterCollectionViewCell.swift in Sources */ = {isa = PBXBuildFile; fileRef = 51513CF7296452C30033BC38 /* CharacterCollectionViewCell.swift */; };
		51513CFA296454CA0033BC38 /* CharacterCollectionViewCellViewModel.swift in Sources */ = {isa = PBXBuildFile; fileRef = 51513CF9296454CA0033BC38 /* CharacterCollectionViewCellViewModel.swift */; };
		515CC5452972C97F0074B189 /* EpisodeDetailViewController.swift in Sources */ = {isa = PBXBuildFile; fileRef = 515CC5442972C97F0074B189 /* EpisodeDetailViewController.swift */; };
		515CC5472972DD720074B189 /* APICacheManager.swift in Sources */ = {isa = PBXBuildFile; fileRef = 515CC5462972DD720074B189 /* APICacheManager.swift */; };
		51A30E4D2962C2890058CCCB /* GetAllCharactersResponse.swift in Sources */ = {isa = PBXBuildFile; fileRef = 51A30E4C2962C2890058CCCB /* GetAllCharactersResponse.swift */; };
		51A30E4F2962FDC30058CCCB /* CharacterListViewModel.swift in Sources */ = {isa = PBXBuildFile; fileRef = 51A30E4E2962FDC30058CCCB /* CharacterListViewModel.swift */; };
		51A30E512962FE930058CCCB /* CharacterListView.swift in Sources */ = {isa = PBXBuildFile; fileRef = 51A30E502962FE930058CCCB /* CharacterListView.swift */; };
		51D1C5FC298624D900489C4A /* LocationView.swift in Sources */ = {isa = PBXBuildFile; fileRef = 51D1C5FB298624D900489C4A /* LocationView.swift */; };
		51D1C5FF2986502000489C4A /* LocationViewModel.swift in Sources */ = {isa = PBXBuildFile; fileRef = 51D1C5FE2986502000489C4A /* LocationViewModel.swift */; };
		51D1C60129878A9A00489C4A /* GetLocationsResponse.swift in Sources */ = {isa = PBXBuildFile; fileRef = 51D1C60029878A9A00489C4A /* GetLocationsResponse.swift */; };
		51D1C603298791B400489C4A /* LocationTableViewCell.swift in Sources */ = {isa = PBXBuildFile; fileRef = 51D1C602298791B400489C4A /* LocationTableViewCell.swift */; };
		51D1C6052987938300489C4A /* LocationTableViewCellViewModel.swift in Sources */ = {isa = PBXBuildFile; fileRef = 51D1C6042987938300489C4A /* LocationTableViewCellViewModel.swift */; };
		51D1C6072989135700489C4A /* LocationDetailViewController.swift in Sources */ = {isa = PBXBuildFile; fileRef = 51D1C6062989135600489C4A /* LocationDetailViewController.swift */; };
		51D1C60A298919A200489C4A /* LocationDetailView.swift in Sources */ = {isa = PBXBuildFile; fileRef = 51D1C609298919A200489C4A /* LocationDetailView.swift */; };
		51D1C60D2989217200489C4A /* LocationDetailViewModel.swift in Sources */ = {isa = PBXBuildFile; fileRef = 51D1C60C2989217200489C4A /* LocationDetailViewModel.swift */; };
		51D8DB07296D0A6300EA3687 /* CharacterPhotoCollectionViewCell.swift in Sources */ = {isa = PBXBuildFile; fileRef = 51D8DB06296D0A6300EA3687 /* CharacterPhotoCollectionViewCell.swift */; };
		51D8DB09296D0A7600EA3687 /* CharacterInfoCollectionViewCell.swift in Sources */ = {isa = PBXBuildFile; fileRef = 51D8DB08296D0A7600EA3687 /* CharacterInfoCollectionViewCell.swift */; };
		51D8DB0B296D0A8300EA3687 /* CharacterEpisodeCollectionViewCell.swift in Sources */ = {isa = PBXBuildFile; fileRef = 51D8DB0A296D0A8300EA3687 /* CharacterEpisodeCollectionViewCell.swift */; };
		51D8DB0F296D0BF500EA3687 /* CharacterPhotoCollectionViewCellViewModel.swift in Sources */ = {isa = PBXBuildFile; fileRef = 51D8DB0E296D0BF500EA3687 /* CharacterPhotoCollectionViewCellViewModel.swift */; };
		51D8DB11296D0C0D00EA3687 /* CharacterInfoCollectionViewCellViewModel.swift in Sources */ = {isa = PBXBuildFile; fileRef = 51D8DB10296D0C0D00EA3687 /* CharacterInfoCollectionViewCellViewModel.swift */; };
		51D8DB13296D0C2100EA3687 /* CharacterEpisodeCollectionViewCellViewModel.swift in Sources */ = {isa = PBXBuildFile; fileRef = 51D8DB12296D0C2100EA3687 /* CharacterEpisodeCollectionViewCellViewModel.swift */; };
		51DD7BA42966A656005DB9F5 /* CharacterDetailViewController.swift in Sources */ = {isa = PBXBuildFile; fileRef = 51DD7BA32966A656005DB9F5 /* CharacterDetailViewController.swift */; };
		51DD7BA62966A959005DB9F5 /* CharacterDetailView.swift in Sources */ = {isa = PBXBuildFile; fileRef = 51DD7BA52966A959005DB9F5 /* CharacterDetailView.swift */; };
		51DD7BA82966A9C2005DB9F5 /* CharacterDetailViewModel.swift in Sources */ = {isa = PBXBuildFile; fileRef = 51DD7BA72966A9C2005DB9F5 /* CharacterDetailViewModel.swift */; };
		51DD7BAA2966EF09005DB9F5 /* FooterLoadingCollectionReusableView.swift in Sources */ = {isa = PBXBuildFile; fileRef = 51DD7BA92966EF09005DB9F5 /* FooterLoadingCollectionReusableView.swift */; };
		51DD92EB297D76EE0093C7F7 /* EpisodeInformationCollectionViewCell.swift in Sources */ = {isa = PBXBuildFile; fileRef = 51DD92EA297D76EE0093C7F7 /* EpisodeInformationCollectionViewCell.swift */; };
		51DD92EE297D77A10093C7F7 /* EpisodeInformationCollectionViewCellViewModel.swift in Sources */ = {isa = PBXBuildFile; fileRef = 51DD92ED297D77A10093C7F7 /* EpisodeInformationCollectionViewCellViewModel.swift */; };
		51E1F4CE2980054F00CD3769 /* SettingsViewModel.swift in Sources */ = {isa = PBXBuildFile; fileRef = 51E1F4CB2980054F00CD3769 /* SettingsViewModel.swift */; };
		51E1F4CF2980054F00CD3769 /* SettingsCellViewModel.swift in Sources */ = {isa = PBXBuildFile; fileRef = 51E1F4CC2980054F00CD3769 /* SettingsCellViewModel.swift */; };
		51E1F4D02980054F00CD3769 /* SettingsOption.swift in Sources */ = {isa = PBXBuildFile; fileRef = 51E1F4CD2980054F00CD3769 /* SettingsOption.swift */; };
		51E1F4D32980057800CD3769 /* SettingsView.swift in Sources */ = {isa = PBXBuildFile; fileRef = 51E1F4D22980057800CD3769 /* SettingsView.swift */; };
		51F9C0F92979156D00701DA1 /* EpisodeDetailViewModel.swift in Sources */ = {isa = PBXBuildFile; fileRef = 51F9C0F82979156D00701DA1 /* EpisodeDetailViewModel.swift */; };
		51F9C0FB2979177B00701DA1 /* EpisodeDetailView.swift in Sources */ = {isa = PBXBuildFile; fileRef = 51F9C0FA2979177B00701DA1 /* EpisodeDetailView.swift */; };
		51F9C0FE29793CE600701DA1 /* EpisodeListView.swift in Sources */ = {isa = PBXBuildFile; fileRef = 51F9C0FD29793CE600701DA1 /* EpisodeListView.swift */; };
		51F9C1002979441A00701DA1 /* EpisodeListViewModel.swift in Sources */ = {isa = PBXBuildFile; fileRef = 51F9C0FF2979441A00701DA1 /* EpisodeListViewModel.swift */; };
		51F9C102297958B900701DA1 /* GetAllEpisodesResponse.swift in Sources */ = {isa = PBXBuildFile; fileRef = 51F9C101297958B900701DA1 /* GetAllEpisodesResponse.swift */; };
/* End PBXBuildFile section */

/* Begin PBXFileReference section */
		510129A5295E511B00BEBEE0 /* RickAndMortyClone.app */ = {isa = PBXFileReference; explicitFileType = wrapper.application; includeInIndex = 0; path = RickAndMortyClone.app; sourceTree = BUILT_PRODUCTS_DIR; };
		510129A8295E511B00BEBEE0 /* AppDelegate.swift */ = {isa = PBXFileReference; lastKnownFileType = sourcecode.swift; path = AppDelegate.swift; sourceTree = "<group>"; };
		510129AA295E511B00BEBEE0 /* SceneDelegate.swift */ = {isa = PBXFileReference; lastKnownFileType = sourcecode.swift; path = SceneDelegate.swift; sourceTree = "<group>"; };
		510129AC295E511B00BEBEE0 /* MainTabbarController.swift */ = {isa = PBXFileReference; lastKnownFileType = sourcecode.swift; path = MainTabbarController.swift; sourceTree = "<group>"; };
		510129B1295E511F00BEBEE0 /* Assets.xcassets */ = {isa = PBXFileReference; lastKnownFileType = folder.assetcatalog; path = Assets.xcassets; sourceTree = "<group>"; };
		510129B4295E511F00BEBEE0 /* Base */ = {isa = PBXFileReference; lastKnownFileType = file.storyboard; name = Base; path = Base.lproj/LaunchScreen.storyboard; sourceTree = "<group>"; };
		510129B6295E511F00BEBEE0 /* Info.plist */ = {isa = PBXFileReference; lastKnownFileType = text.plist.xml; path = Info.plist; sourceTree = "<group>"; };
		510129C3295E587200BEBEE0 /* Location.swift */ = {isa = PBXFileReference; lastKnownFileType = sourcecode.swift; path = Location.swift; sourceTree = "<group>"; };
		510129C5295E5FE600BEBEE0 /* Character.swift */ = {isa = PBXFileReference; lastKnownFileType = sourcecode.swift; path = Character.swift; sourceTree = "<group>"; };
		510129C7295E5FEE00BEBEE0 /* Episode.swift */ = {isa = PBXFileReference; lastKnownFileType = sourcecode.swift; path = Episode.swift; sourceTree = "<group>"; };
		510129CA295E60F000BEBEE0 /* CharacterViewController.swift */ = {isa = PBXFileReference; lastKnownFileType = sourcecode.swift; path = CharacterViewController.swift; sourceTree = "<group>"; };
		510129CC295E615F00BEBEE0 /* LocationViewController.swift */ = {isa = PBXFileReference; lastKnownFileType = sourcecode.swift; path = LocationViewController.swift; sourceTree = "<group>"; };
		510129CE295E616E00BEBEE0 /* EpisodeViewController.swift */ = {isa = PBXFileReference; lastKnownFileType = sourcecode.swift; path = EpisodeViewController.swift; sourceTree = "<group>"; };
		510129D0295E61B500BEBEE0 /* SettingsViewController.swift */ = {isa = PBXFileReference; lastKnownFileType = sourcecode.swift; path = SettingsViewController.swift; sourceTree = "<group>"; };
		510129D2295FCBEE00BEBEE0 /* NetworkService.swift */ = {isa = PBXFileReference; lastKnownFileType = sourcecode.swift; path = NetworkService.swift; sourceTree = "<group>"; };
		510129D4295FCC5100BEBEE0 /* NetworkRequest.swift */ = {isa = PBXFileReference; lastKnownFileType = sourcecode.swift; path = NetworkRequest.swift; sourceTree = "<group>"; };
		510129D6295FCEA900BEBEE0 /* NetworkEndpoint.swift */ = {isa = PBXFileReference; lastKnownFileType = sourcecode.swift; path = NetworkEndpoint.swift; sourceTree = "<group>"; };
		510129D8295FF73B00BEBEE0 /* Origin.swift */ = {isa = PBXFileReference; lastKnownFileType = sourcecode.swift; path = Origin.swift; sourceTree = "<group>"; };
		510129DA296008B500BEBEE0 /* SingleLocation.swift */ = {isa = PBXFileReference; lastKnownFileType = sourcecode.swift; path = SingleLocation.swift; sourceTree = "<group>"; };
		510129DC29600C8E00BEBEE0 /* CharacterStatus.swift */ = {isa = PBXFileReference; lastKnownFileType = sourcecode.swift; path = CharacterStatus.swift; sourceTree = "<group>"; };
		510129DE29600D1B00BEBEE0 /* CharacterGender.swift */ = {isa = PBXFileReference; lastKnownFileType = sourcecode.swift; path = CharacterGender.swift; sourceTree = "<group>"; };
		51089AA3297A7B1C00B9E1A6 /* SearchViewController.swift */ = {isa = PBXFileReference; lastKnownFileType = sourcecode.swift; path = SearchViewController.swift; sourceTree = "<group>"; };
		511FA5AE296A52B100F01362 /* ImageLoader.swift */ = {isa = PBXFileReference; lastKnownFileType = sourcecode.swift; path = ImageLoader.swift; sourceTree = "<group>"; };
		51513CF52963CEC50033BC38 /* Extensions.swift */ = {isa = PBXFileReference; lastKnownFileType = sourcecode.swift; path = Extensions.swift; sourceTree = "<group>"; };
		51513CF7296452C30033BC38 /* CharacterCollectionViewCell.swift */ = {isa = PBXFileReference; lastKnownFileType = sourcecode.swift; path = CharacterCollectionViewCell.swift; sourceTree = "<group>"; };
		51513CF9296454CA0033BC38 /* CharacterCollectionViewCellViewModel.swift */ = {isa = PBXFileReference; lastKnownFileType = sourcecode.swift; path = CharacterCollectionViewCellViewModel.swift; sourceTree = "<group>"; };
		515CC5442972C97F0074B189 /* EpisodeDetailViewController.swift */ = {isa = PBXFileReference; lastKnownFileType = sourcecode.swift; path = EpisodeDetailViewController.swift; sourceTree = "<group>"; };
		515CC5462972DD720074B189 /* APICacheManager.swift */ = {isa = PBXFileReference; lastKnownFileType = sourcecode.swift; path = APICacheManager.swift; sourceTree = "<group>"; };
		51A30E4C2962C2890058CCCB /* GetAllCharactersResponse.swift */ = {isa = PBXFileReference; lastKnownFileType = sourcecode.swift; path = GetAllCharactersResponse.swift; sourceTree = "<group>"; };
		51A30E4E2962FDC30058CCCB /* CharacterListViewModel.swift */ = {isa = PBXFileReference; lastKnownFileType = sourcecode.swift; path = CharacterListViewModel.swift; sourceTree = "<group>"; };
		51A30E502962FE930058CCCB /* CharacterListView.swift */ = {isa = PBXFileReference; lastKnownFileType = sourcecode.swift; path = CharacterListView.swift; sourceTree = "<group>"; };
		51D1C5FB298624D900489C4A /* LocationView.swift */ = {isa = PBXFileReference; lastKnownFileType = sourcecode.swift; path = LocationView.swift; sourceTree = "<group>"; };
		51D1C5FE2986502000489C4A /* LocationViewModel.swift */ = {isa = PBXFileReference; lastKnownFileType = sourcecode.swift; path = LocationViewModel.swift; sourceTree = "<group>"; };
		51D1C60029878A9A00489C4A /* GetLocationsResponse.swift */ = {isa = PBXFileReference; lastKnownFileType = sourcecode.swift; path = GetLocationsResponse.swift; sourceTree = "<group>"; };
		51D1C602298791B400489C4A /* LocationTableViewCell.swift */ = {isa = PBXFileReference; lastKnownFileType = sourcecode.swift; path = LocationTableViewCell.swift; sourceTree = "<group>"; };
		51D1C6042987938300489C4A /* LocationTableViewCellViewModel.swift */ = {isa = PBXFileReference; lastKnownFileType = sourcecode.swift; path = LocationTableViewCellViewModel.swift; sourceTree = "<group>"; };
		51D1C6062989135600489C4A /* LocationDetailViewController.swift */ = {isa = PBXFileReference; lastKnownFileType = sourcecode.swift; path = LocationDetailViewController.swift; sourceTree = "<group>"; };
		51D1C609298919A200489C4A /* LocationDetailView.swift */ = {isa = PBXFileReference; lastKnownFileType = sourcecode.swift; path = LocationDetailView.swift; sourceTree = "<group>"; };
		51D1C60C2989217200489C4A /* LocationDetailViewModel.swift */ = {isa = PBXFileReference; lastKnownFileType = sourcecode.swift; path = LocationDetailViewModel.swift; sourceTree = "<group>"; };
		51D8DB06296D0A6300EA3687 /* CharacterPhotoCollectionViewCell.swift */ = {isa = PBXFileReference; lastKnownFileType = sourcecode.swift; path = CharacterPhotoCollectionViewCell.swift; sourceTree = "<group>"; };
		51D8DB08296D0A7600EA3687 /* CharacterInfoCollectionViewCell.swift */ = {isa = PBXFileReference; lastKnownFileType = sourcecode.swift; path = CharacterInfoCollectionViewCell.swift; sourceTree = "<group>"; };
		51D8DB0A296D0A8300EA3687 /* CharacterEpisodeCollectionViewCell.swift */ = {isa = PBXFileReference; lastKnownFileType = sourcecode.swift; path = CharacterEpisodeCollectionViewCell.swift; sourceTree = "<group>"; };
		51D8DB0E296D0BF500EA3687 /* CharacterPhotoCollectionViewCellViewModel.swift */ = {isa = PBXFileReference; lastKnownFileType = sourcecode.swift; path = CharacterPhotoCollectionViewCellViewModel.swift; sourceTree = "<group>"; };
		51D8DB10296D0C0D00EA3687 /* CharacterInfoCollectionViewCellViewModel.swift */ = {isa = PBXFileReference; lastKnownFileType = sourcecode.swift; path = CharacterInfoCollectionViewCellViewModel.swift; sourceTree = "<group>"; };
		51D8DB12296D0C2100EA3687 /* CharacterEpisodeCollectionViewCellViewModel.swift */ = {isa = PBXFileReference; lastKnownFileType = sourcecode.swift; path = CharacterEpisodeCollectionViewCellViewModel.swift; sourceTree = "<group>"; };
		51DD7BA32966A656005DB9F5 /* CharacterDetailViewController.swift */ = {isa = PBXFileReference; lastKnownFileType = sourcecode.swift; path = CharacterDetailViewController.swift; sourceTree = "<group>"; };
		51DD7BA52966A959005DB9F5 /* CharacterDetailView.swift */ = {isa = PBXFileReference; lastKnownFileType = sourcecode.swift; path = CharacterDetailView.swift; sourceTree = "<group>"; };
		51DD7BA72966A9C2005DB9F5 /* CharacterDetailViewModel.swift */ = {isa = PBXFileReference; lastKnownFileType = sourcecode.swift; path = CharacterDetailViewModel.swift; sourceTree = "<group>"; };
		51DD7BA92966EF09005DB9F5 /* FooterLoadingCollectionReusableView.swift */ = {isa = PBXFileReference; lastKnownFileType = sourcecode.swift; path = FooterLoadingCollectionReusableView.swift; sourceTree = "<group>"; };
		51DD92EA297D76EE0093C7F7 /* EpisodeInformationCollectionViewCell.swift */ = {isa = PBXFileReference; lastKnownFileType = sourcecode.swift; path = EpisodeInformationCollectionViewCell.swift; sourceTree = "<group>"; };
		51DD92ED297D77A10093C7F7 /* EpisodeInformationCollectionViewCellViewModel.swift */ = {isa = PBXFileReference; lastKnownFileType = sourcecode.swift; path = EpisodeInformationCollectionViewCellViewModel.swift; sourceTree = "<group>"; };
		51E1F4CB2980054F00CD3769 /* SettingsViewModel.swift */ = {isa = PBXFileReference; fileEncoding = 4; lastKnownFileType = sourcecode.swift; path = SettingsViewModel.swift; sourceTree = "<group>"; };
		51E1F4CC2980054F00CD3769 /* SettingsCellViewModel.swift */ = {isa = PBXFileReference; fileEncoding = 4; lastKnownFileType = sourcecode.swift; path = SettingsCellViewModel.swift; sourceTree = "<group>"; };
		51E1F4CD2980054F00CD3769 /* SettingsOption.swift */ = {isa = PBXFileReference; fileEncoding = 4; lastKnownFileType = sourcecode.swift; path = SettingsOption.swift; sourceTree = "<group>"; };
		51E1F4D22980057800CD3769 /* SettingsView.swift */ = {isa = PBXFileReference; fileEncoding = 4; lastKnownFileType = sourcecode.swift; path = SettingsView.swift; sourceTree = "<group>"; };
		51F9C0F82979156D00701DA1 /* EpisodeDetailViewModel.swift */ = {isa = PBXFileReference; lastKnownFileType = sourcecode.swift; path = EpisodeDetailViewModel.swift; sourceTree = "<group>"; };
		51F9C0FA2979177B00701DA1 /* EpisodeDetailView.swift */ = {isa = PBXFileReference; lastKnownFileType = sourcecode.swift; path = EpisodeDetailView.swift; sourceTree = "<group>"; };
		51F9C0FD29793CE600701DA1 /* EpisodeListView.swift */ = {isa = PBXFileReference; lastKnownFileType = sourcecode.swift; path = EpisodeListView.swift; sourceTree = "<group>"; };
		51F9C0FF2979441A00701DA1 /* EpisodeListViewModel.swift */ = {isa = PBXFileReference; lastKnownFileType = sourcecode.swift; path = EpisodeListViewModel.swift; sourceTree = "<group>"; };
		51F9C101297958B900701DA1 /* GetAllEpisodesResponse.swift */ = {isa = PBXFileReference; lastKnownFileType = sourcecode.swift; path = GetAllEpisodesResponse.swift; sourceTree = "<group>"; };
/* End PBXFileReference section */

/* Begin PBXFrameworksBuildPhase section */
		510129A2295E511B00BEBEE0 /* Frameworks */ = {
			isa = PBXFrameworksBuildPhase;
			buildActionMask = 2147483647;
			files = (
			);
			runOnlyForDeploymentPostprocessing = 0;
		};
/* End PBXFrameworksBuildPhase section */

/* Begin PBXGroup section */
		5101299C295E511B00BEBEE0 = {
			isa = PBXGroup;
			children = (
				510129A7295E511B00BEBEE0 /* RickAndMortyClone */,
				510129A6295E511B00BEBEE0 /* Products */,
			);
			sourceTree = "<group>";
		};
		510129A6295E511B00BEBEE0 /* Products */ = {
			isa = PBXGroup;
			children = (
				510129A5295E511B00BEBEE0 /* RickAndMortyClone.app */,
			);
			name = Products;
			sourceTree = "<group>";
		};
		510129A7295E511B00BEBEE0 /* RickAndMortyClone */ = {
			isa = PBXGroup;
			children = (
				510129C2295E572500BEBEE0 /* Resources */,
				510129C0295E56E900BEBEE0 /* Managers */,
				510129C1295E571800BEBEE0 /* APIClient */,
				510129BF295E56C400BEBEE0 /* ViewModels */,
				510129BE295E56AF00BEBEE0 /* Views */,
				510129BD295E56A700BEBEE0 /* Models */,
				510129BC295E569D00BEBEE0 /* Controllers */,
				510129B6295E511F00BEBEE0 /* Info.plist */,
			);
			path = RickAndMortyClone;
			sourceTree = "<group>";
		};
		510129BC295E569D00BEBEE0 /* Controllers */ = {
			isa = PBXGroup;
			children = (
				51DD7BA22966A61A005DB9F5 /* Other */,
				510129C9295E607600BEBEE0 /* Core */,
			);
			path = Controllers;
			sourceTree = "<group>";
		};
		510129BD295E56A700BEBEE0 /* Models */ = {
			isa = PBXGroup;
			children = (
				51A30E4B2962C25B0058CCCB /* APIResponseType */,
				51A30E4A2962C1F00058CCCB /* DataTypes */,
			);
			path = Models;
			sourceTree = "<group>";
		};
		510129BE295E56AF00BEBEE0 /* Views */ = {
			isa = PBXGroup;
			children = (
				51D1C6082989193600489C4A /* LocationDetails */,
				51D1C5FA2986247100489C4A /* Location */,
				51E1F4D12980057800CD3769 /* SwiftUI */,
				51DD92E9297D75AC0093C7F7 /* EpisodeDetails */,
				51F9C0FC29793C9C00701DA1 /* Episode */,
				51D8DB04296D051100EA3687 /* CharacterDetails */,
				51D8DB05296D055E00EA3687 /* Character */,
				51DD7BA92966EF09005DB9F5 /* FooterLoadingCollectionReusableView.swift */,
			);
			path = Views;
			sourceTree = "<group>";
		};
		510129BF295E56C400BEBEE0 /* ViewModels */ = {
			isa = PBXGroup;
			children = (
				51D1C60B2989215300489C4A /* LocationDetail */,
				51D1C5FD29864FF900489C4A /* Location */,
				51E1F4CA2980054F00CD3769 /* Settings */,
				51DD92EC297D77730093C7F7 /* EpisodeDetail */,
				51D8DB0C296D0B2F00EA3687 /* CharacterDetail */,
				51D8DB0D296D0B9700EA3687 /* Character */,
				51F9C0FF2979441A00701DA1 /* EpisodeListViewModel.swift */,
			);
			path = ViewModels;
			sourceTree = "<group>";
		};
		510129C0295E56E900BEBEE0 /* Managers */ = {
			isa = PBXGroup;
			children = (
				511FA5AE296A52B100F01362 /* ImageLoader.swift */,
				515CC5462972DD720074B189 /* APICacheManager.swift */,
			);
			path = Managers;
			sourceTree = "<group>";
		};
		510129C1295E571800BEBEE0 /* APIClient */ = {
			isa = PBXGroup;
			children = (
				510129D2295FCBEE00BEBEE0 /* NetworkService.swift */,
				510129D4295FCC5100BEBEE0 /* NetworkRequest.swift */,
				510129D6295FCEA900BEBEE0 /* NetworkEndpoint.swift */,
			);
			path = APIClient;
			sourceTree = "<group>";
		};
		510129C2295E572500BEBEE0 /* Resources */ = {
			isa = PBXGroup;
			children = (
				510129B1295E511F00BEBEE0 /* Assets.xcassets */,
				510129B3295E511F00BEBEE0 /* LaunchScreen.storyboard */,
				510129A8295E511B00BEBEE0 /* AppDelegate.swift */,
				510129AA295E511B00BEBEE0 /* SceneDelegate.swift */,
				51513CF52963CEC50033BC38 /* Extensions.swift */,
			);
			path = Resources;
			sourceTree = "<group>";
		};
		510129C9295E607600BEBEE0 /* Core */ = {
			isa = PBXGroup;
			children = (
				510129AC295E511B00BEBEE0 /* MainTabbarController.swift */,
				510129CA295E60F000BEBEE0 /* CharacterViewController.swift */,
				510129CC295E615F00BEBEE0 /* LocationViewController.swift */,
				510129CE295E616E00BEBEE0 /* EpisodeViewController.swift */,
				510129D0295E61B500BEBEE0 /* SettingsViewController.swift */,
			);
			path = Core;
			sourceTree = "<group>";
		};
		51A30E4A2962C1F00058CCCB /* DataTypes */ = {
			isa = PBXGroup;
			children = (
				510129C3295E587200BEBEE0 /* Location.swift */,
				510129C5295E5FE600BEBEE0 /* Character.swift */,
				510129C7295E5FEE00BEBEE0 /* Episode.swift */,
				510129D8295FF73B00BEBEE0 /* Origin.swift */,
				510129DA296008B500BEBEE0 /* SingleLocation.swift */,
				510129DC29600C8E00BEBEE0 /* CharacterStatus.swift */,
				510129DE29600D1B00BEBEE0 /* CharacterGender.swift */,
			);
			path = DataTypes;
			sourceTree = "<group>";
		};
		51A30E4B2962C25B0058CCCB /* APIResponseType */ = {
			isa = PBXGroup;
			children = (
				51A30E4C2962C2890058CCCB /* GetAllCharactersResponse.swift */,
				51F9C101297958B900701DA1 /* GetAllEpisodesResponse.swift */,
				51D1C60029878A9A00489C4A /* GetLocationsResponse.swift */,
			);
			path = APIResponseType;
			sourceTree = "<group>";
		};
		51D1C5FA2986247100489C4A /* Location */ = {
			isa = PBXGroup;
			children = (
				51D1C5FB298624D900489C4A /* LocationView.swift */,
				51D1C602298791B400489C4A /* LocationTableViewCell.swift */,
			);
			path = Location;
			sourceTree = "<group>";
		};
		51D1C5FD29864FF900489C4A /* Location */ = {
			isa = PBXGroup;
			children = (
				51D1C5FE2986502000489C4A /* LocationViewModel.swift */,
				51D1C6042987938300489C4A /* LocationTableViewCellViewModel.swift */,
			);
			path = Location;
			sourceTree = "<group>";
		};
		51D1C6082989193600489C4A /* LocationDetails */ = {
			isa = PBXGroup;
			children = (
				51D1C609298919A200489C4A /* LocationDetailView.swift */,
			);
			path = LocationDetails;
			sourceTree = "<group>";
		};
		51D1C60B2989215300489C4A /* LocationDetail */ = {
			isa = PBXGroup;
			children = (
				51D1C60C2989217200489C4A /* LocationDetailViewModel.swift */,
			);
			path = LocationDetail;
			sourceTree = "<group>";
		};
		51D8DB04296D051100EA3687 /* CharacterDetails */ = {
			isa = PBXGroup;
			children = (
				51DD7BA52966A959005DB9F5 /* CharacterDetailView.swift */,
				51D8DB06296D0A6300EA3687 /* CharacterPhotoCollectionViewCell.swift */,
				51D8DB08296D0A7600EA3687 /* CharacterInfoCollectionViewCell.swift */,
				51D8DB0A296D0A8300EA3687 /* CharacterEpisodeCollectionViewCell.swift */,
			);
			path = CharacterDetails;
			sourceTree = "<group>";
		};
		51D8DB05296D055E00EA3687 /* Character */ = {
			isa = PBXGroup;
			children = (
				51A30E502962FE930058CCCB /* CharacterListView.swift */,
				51513CF7296452C30033BC38 /* CharacterCollectionViewCell.swift */,
			);
			path = Character;
			sourceTree = "<group>";
		};
		51D8DB0C296D0B2F00EA3687 /* CharacterDetail */ = {
			isa = PBXGroup;
			children = (
				51DD7BA72966A9C2005DB9F5 /* CharacterDetailViewModel.swift */,
				51D8DB0E296D0BF500EA3687 /* CharacterPhotoCollectionViewCellViewModel.swift */,
				51D8DB10296D0C0D00EA3687 /* CharacterInfoCollectionViewCellViewModel.swift */,
				51D8DB12296D0C2100EA3687 /* CharacterEpisodeCollectionViewCellViewModel.swift */,
			);
			path = CharacterDetail;
			sourceTree = "<group>";
		};
		51D8DB0D296D0B9700EA3687 /* Character */ = {
			isa = PBXGroup;
			children = (
				51A30E4E2962FDC30058CCCB /* CharacterListViewModel.swift */,
				51513CF9296454CA0033BC38 /* CharacterCollectionViewCellViewModel.swift */,
			);
			path = Character;
			sourceTree = "<group>";
		};
		51DD7BA22966A61A005DB9F5 /* Other */ = {
			isa = PBXGroup;
			children = (
				51DD7BA32966A656005DB9F5 /* CharacterDetailViewController.swift */,
				515CC5442972C97F0074B189 /* EpisodeDetailViewController.swift */,
				51089AA3297A7B1C00B9E1A6 /* SearchViewController.swift */,
				51D1C6062989135600489C4A /* LocationDetailViewController.swift */,
			);
			path = Other;
			sourceTree = "<group>";
		};
		51DD92E9297D75AC0093C7F7 /* EpisodeDetails */ = {
			isa = PBXGroup;
			children = (
				51F9C0FA2979177B00701DA1 /* EpisodeDetailView.swift */,
				51DD92EA297D76EE0093C7F7 /* EpisodeInformationCollectionViewCell.swift */,
			);
			path = EpisodeDetails;
			sourceTree = "<group>";
		};
		51DD92EC297D77730093C7F7 /* EpisodeDetail */ = {
			isa = PBXGroup;
			children = (
				51F9C0F82979156D00701DA1 /* EpisodeDetailViewModel.swift */,
				51DD92ED297D77A10093C7F7 /* EpisodeInformationCollectionViewCellViewModel.swift */,
			);
			path = EpisodeDetail;
			sourceTree = "<group>";
		};
		51E1F4CA2980054F00CD3769 /* Settings */ = {
			isa = PBXGroup;
			children = (
				51E1F4CB2980054F00CD3769 /* SettingsViewModel.swift */,
				51E1F4CC2980054F00CD3769 /* SettingsCellViewModel.swift */,
				51E1F4CD2980054F00CD3769 /* SettingsOption.swift */,
			);
			path = Settings;
			sourceTree = "<group>";
		};
		51E1F4D12980057800CD3769 /* SwiftUI */ = {
			isa = PBXGroup;
			children = (
				51E1F4D22980057800CD3769 /* SettingsView.swift */,
			);
			path = SwiftUI;
			sourceTree = "<group>";
		};
		51F9C0FC29793C9C00701DA1 /* Episode */ = {
			isa = PBXGroup;
			children = (
				51F9C0FD29793CE600701DA1 /* EpisodeListView.swift */,
			);
			path = Episode;
			sourceTree = "<group>";
		};
/* End PBXGroup section */

/* Begin PBXNativeTarget section */
		510129A4295E511B00BEBEE0 /* RickAndMortyClone */ = {
			isa = PBXNativeTarget;
			buildConfigurationList = 510129B9295E511F00BEBEE0 /* Build configuration list for PBXNativeTarget "RickAndMortyClone" */;
			buildPhases = (
				510129A1295E511B00BEBEE0 /* Sources */,
				510129A2295E511B00BEBEE0 /* Frameworks */,
				510129A3295E511B00BEBEE0 /* Resources */,
			);
			buildRules = (
			);
			dependencies = (
			);
			name = RickAndMortyClone;
			productName = RickAndMortyClone;
			productReference = 510129A5295E511B00BEBEE0 /* RickAndMortyClone.app */;
			productType = "com.apple.product-type.application";
		};
/* End PBXNativeTarget section */

/* Begin PBXProject section */
		5101299D295E511B00BEBEE0 /* Project object */ = {
			isa = PBXProject;
			attributes = {
				BuildIndependentTargetsInParallel = 1;
				LastSwiftUpdateCheck = 1340;
				LastUpgradeCheck = 1340;
				TargetAttributes = {
					510129A4295E511B00BEBEE0 = {
						CreatedOnToolsVersion = 13.4.1;
					};
				};
			};
			buildConfigurationList = 510129A0295E511B00BEBEE0 /* Build configuration list for PBXProject "RickAndMortyClone" */;
			compatibilityVersion = "Xcode 13.0";
			developmentRegion = en;
			hasScannedForEncodings = 0;
			knownRegions = (
				en,
				Base,
			);
			mainGroup = 5101299C295E511B00BEBEE0;
			productRefGroup = 510129A6295E511B00BEBEE0 /* Products */;
			projectDirPath = "";
			projectRoot = "";
			targets = (
				510129A4295E511B00BEBEE0 /* RickAndMortyClone */,
			);
		};
/* End PBXProject section */

/* Begin PBXResourcesBuildPhase section */
		510129A3295E511B00BEBEE0 /* Resources */ = {
			isa = PBXResourcesBuildPhase;
			buildActionMask = 2147483647;
			files = (
				510129B5295E511F00BEBEE0 /* LaunchScreen.storyboard in Resources */,
				510129B2295E511F00BEBEE0 /* Assets.xcassets in Resources */,
			);
			runOnlyForDeploymentPostprocessing = 0;
		};
/* End PBXResourcesBuildPhase section */

/* Begin PBXSourcesBuildPhase section */
		510129A1295E511B00BEBEE0 /* Sources */ = {
			isa = PBXSourcesBuildPhase;
			buildActionMask = 2147483647;
			files = (
				51D1C60D2989217200489C4A /* LocationDetailViewModel.swift in Sources */,
				51D8DB11296D0C0D00EA3687 /* CharacterInfoCollectionViewCellViewModel.swift in Sources */,
				510129D3295FCBEE00BEBEE0 /* NetworkService.swift in Sources */,
				510129DD29600C8E00BEBEE0 /* CharacterStatus.swift in Sources */,
				51D1C5FF2986502000489C4A /* LocationViewModel.swift in Sources */,
				510129D7295FCEA900BEBEE0 /* NetworkEndpoint.swift in Sources */,
				510129AD295E511B00BEBEE0 /* MainTabbarController.swift in Sources */,
				510129CF295E616E00BEBEE0 /* EpisodeViewController.swift in Sources */,
				510129C8295E5FEE00BEBEE0 /* Episode.swift in Sources */,
				51F9C0FB2979177B00701DA1 /* EpisodeDetailView.swift in Sources */,
				510129D1295E61B500BEBEE0 /* SettingsViewController.swift in Sources */,
				51E1F4D32980057800CD3769 /* SettingsView.swift in Sources */,
				51D8DB07296D0A6300EA3687 /* CharacterPhotoCollectionViewCell.swift in Sources */,
				51D1C6052987938300489C4A /* LocationTableViewCellViewModel.swift in Sources */,
				51D1C60A298919A200489C4A /* LocationDetailView.swift in Sources */,
				510129CB295E60F000BEBEE0 /* CharacterViewController.swift in Sources */,
				51F9C0FE29793CE600701DA1 /* EpisodeListView.swift in Sources */,
				51A30E512962FE930058CCCB /* CharacterListView.swift in Sources */,
				51F9C0F92979156D00701DA1 /* EpisodeDetailViewModel.swift in Sources */,
				510129A9295E511B00BEBEE0 /* AppDelegate.swift in Sources */,
				510129C6295E5FE600BEBEE0 /* Character.swift in Sources */,
				51D1C603298791B400489C4A /* LocationTableViewCell.swift in Sources */,
				51D8DB09296D0A7600EA3687 /* CharacterInfoCollectionViewCell.swift in Sources */,
				51DD92EB297D76EE0093C7F7 /* EpisodeInformationCollectionViewCell.swift in Sources */,
				51DD7BA82966A9C2005DB9F5 /* CharacterDetailViewModel.swift in Sources */,
				51D8DB13296D0C2100EA3687 /* CharacterEpisodeCollectionViewCellViewModel.swift in Sources */,
				51F9C102297958B900701DA1 /* GetAllEpisodesResponse.swift in Sources */,
				510129C4295E587200BEBEE0 /* Location.swift in Sources */,
				515CC5472972DD720074B189 /* APICacheManager.swift in Sources */,
				510129AB295E511B00BEBEE0 /* SceneDelegate.swift in Sources */,
				51F9C1002979441A00701DA1 /* EpisodeListViewModel.swift in Sources */,
				511FA5AF296A52B100F01362 /* ImageLoader.swift in Sources */,
				51D1C60129878A9A00489C4A /* GetLocationsResponse.swift in Sources */,
				51DD7BA42966A656005DB9F5 /* CharacterDetailViewController.swift in Sources */,
				51513CFA296454CA0033BC38 /* CharacterCollectionViewCellViewModel.swift in Sources */,
				51D8DB0B296D0A8300EA3687 /* CharacterEpisodeCollectionViewCell.swift in Sources */,
				51D8DB0F296D0BF500EA3687 /* CharacterPhotoCollectionViewCellViewModel.swift in Sources */,
				51513CF62963CEC50033BC38 /* Extensions.swift in Sources */,
				51D1C5FC298624D900489C4A /* LocationView.swift in Sources */,
				510129D5295FCC5100BEBEE0 /* NetworkRequest.swift in Sources */,
				510129CD295E615F00BEBEE0 /* LocationViewController.swift in Sources */,
				51DD7BAA2966EF09005DB9F5 /* FooterLoadingCollectionReusableView.swift in Sources */,
				51D1C6072989135700489C4A /* LocationDetailViewController.swift in Sources */,
				510129DF29600D1B00BEBEE0 /* CharacterGender.swift in Sources */,
				51E1F4CE2980054F00CD3769 /* SettingsViewModel.swift in Sources */,
				510129D9295FF73C00BEBEE0 /* Origin.swift in Sources */,
				51DD7BA62966A959005DB9F5 /* CharacterDetailView.swift in Sources */,
				51E1F4D02980054F00CD3769 /* SettingsOption.swift in Sources */,
				51089AA4297A7B1C00B9E1A6 /* SearchViewController.swift in Sources */,
				515CC5452972C97F0074B189 /* EpisodeDetailViewController.swift in Sources */,
				510129DB296008B500BEBEE0 /* SingleLocation.swift in Sources */,
				51DD92EE297D77A10093C7F7 /* EpisodeInformationCollectionViewCellViewModel.swift in Sources */,
				51A30E4D2962C2890058CCCB /* GetAllCharactersResponse.swift in Sources */,
				51E1F4CF2980054F00CD3769 /* SettingsCellViewModel.swift in Sources */,
				51513CF8296452C30033BC38 /* CharacterCollectionViewCell.swift in Sources */,
				51A30E4F2962FDC30058CCCB /* CharacterListViewModel.swift in Sources */,
			);
			runOnlyForDeploymentPostprocessing = 0;
		};
/* End PBXSourcesBuildPhase section */

/* Begin PBXVariantGroup section */
		510129B3295E511F00BEBEE0 /* LaunchScreen.storyboard */ = {
			isa = PBXVariantGroup;
			children = (
				510129B4295E511F00BEBEE0 /* Base */,
			);
			name = LaunchScreen.storyboard;
			sourceTree = "<group>";
		};
/* End PBXVariantGroup section */

/* Begin XCBuildConfiguration section */
		510129B7295E511F00BEBEE0 /* Debug */ = {
			isa = XCBuildConfiguration;
			buildSettings = {
				ALWAYS_SEARCH_USER_PATHS = NO;
				CLANG_ANALYZER_NONNULL = YES;
				CLANG_ANALYZER_NUMBER_OBJECT_CONVERSION = YES_AGGRESSIVE;
				CLANG_CXX_LANGUAGE_STANDARD = "gnu++17";
				CLANG_ENABLE_MODULES = YES;
				CLANG_ENABLE_OBJC_ARC = YES;
				CLANG_ENABLE_OBJC_WEAK = YES;
				CLANG_WARN_BLOCK_CAPTURE_AUTORELEASING = YES;
				CLANG_WARN_BOOL_CONVERSION = YES;
				CLANG_WARN_COMMA = YES;
				CLANG_WARN_CONSTANT_CONVERSION = YES;
				CLANG_WARN_DEPRECATED_OBJC_IMPLEMENTATIONS = YES;
				CLANG_WARN_DIRECT_OBJC_ISA_USAGE = YES_ERROR;
				CLANG_WARN_DOCUMENTATION_COMMENTS = YES;
				CLANG_WARN_EMPTY_BODY = YES;
				CLANG_WARN_ENUM_CONVERSION = YES;
				CLANG_WARN_INFINITE_RECURSION = YES;
				CLANG_WARN_INT_CONVERSION = YES;
				CLANG_WARN_NON_LITERAL_NULL_CONVERSION = YES;
				CLANG_WARN_OBJC_IMPLICIT_RETAIN_SELF = YES;
				CLANG_WARN_OBJC_LITERAL_CONVERSION = YES;
				CLANG_WARN_OBJC_ROOT_CLASS = YES_ERROR;
				CLANG_WARN_QUOTED_INCLUDE_IN_FRAMEWORK_HEADER = YES;
				CLANG_WARN_RANGE_LOOP_ANALYSIS = YES;
				CLANG_WARN_STRICT_PROTOTYPES = YES;
				CLANG_WARN_SUSPICIOUS_MOVE = YES;
				CLANG_WARN_UNGUARDED_AVAILABILITY = YES_AGGRESSIVE;
				CLANG_WARN_UNREACHABLE_CODE = YES;
				CLANG_WARN__DUPLICATE_METHOD_MATCH = YES;
				COPY_PHASE_STRIP = NO;
				DEBUG_INFORMATION_FORMAT = dwarf;
				ENABLE_STRICT_OBJC_MSGSEND = YES;
				ENABLE_TESTABILITY = YES;
				GCC_C_LANGUAGE_STANDARD = gnu11;
				GCC_DYNAMIC_NO_PIC = NO;
				GCC_NO_COMMON_BLOCKS = YES;
				GCC_OPTIMIZATION_LEVEL = 0;
				GCC_PREPROCESSOR_DEFINITIONS = (
					"DEBUG=1",
					"$(inherited)",
				);
				GCC_WARN_64_TO_32_BIT_CONVERSION = YES;
				GCC_WARN_ABOUT_RETURN_TYPE = YES_ERROR;
				GCC_WARN_UNDECLARED_SELECTOR = YES;
				GCC_WARN_UNINITIALIZED_AUTOS = YES_AGGRESSIVE;
				GCC_WARN_UNUSED_FUNCTION = YES;
				GCC_WARN_UNUSED_VARIABLE = YES;
				IPHONEOS_DEPLOYMENT_TARGET = 15.5;
				MTL_ENABLE_DEBUG_INFO = INCLUDE_SOURCE;
				MTL_FAST_MATH = YES;
				ONLY_ACTIVE_ARCH = YES;
				SDKROOT = iphoneos;
				SWIFT_ACTIVE_COMPILATION_CONDITIONS = DEBUG;
				SWIFT_OPTIMIZATION_LEVEL = "-Onone";
			};
			name = Debug;
		};
		510129B8295E511F00BEBEE0 /* Release */ = {
			isa = XCBuildConfiguration;
			buildSettings = {
				ALWAYS_SEARCH_USER_PATHS = NO;
				CLANG_ANALYZER_NONNULL = YES;
				CLANG_ANALYZER_NUMBER_OBJECT_CONVERSION = YES_AGGRESSIVE;
				CLANG_CXX_LANGUAGE_STANDARD = "gnu++17";
				CLANG_ENABLE_MODULES = YES;
				CLANG_ENABLE_OBJC_ARC = YES;
				CLANG_ENABLE_OBJC_WEAK = YES;
				CLANG_WARN_BLOCK_CAPTURE_AUTORELEASING = YES;
				CLANG_WARN_BOOL_CONVERSION = YES;
				CLANG_WARN_COMMA = YES;
				CLANG_WARN_CONSTANT_CONVERSION = YES;
				CLANG_WARN_DEPRECATED_OBJC_IMPLEMENTATIONS = YES;
				CLANG_WARN_DIRECT_OBJC_ISA_USAGE = YES_ERROR;
				CLANG_WARN_DOCUMENTATION_COMMENTS = YES;
				CLANG_WARN_EMPTY_BODY = YES;
				CLANG_WARN_ENUM_CONVERSION = YES;
				CLANG_WARN_INFINITE_RECURSION = YES;
				CLANG_WARN_INT_CONVERSION = YES;
				CLANG_WARN_NON_LITERAL_NULL_CONVERSION = YES;
				CLANG_WARN_OBJC_IMPLICIT_RETAIN_SELF = YES;
				CLANG_WARN_OBJC_LITERAL_CONVERSION = YES;
				CLANG_WARN_OBJC_ROOT_CLASS = YES_ERROR;
				CLANG_WARN_QUOTED_INCLUDE_IN_FRAMEWORK_HEADER = YES;
				CLANG_WARN_RANGE_LOOP_ANALYSIS = YES;
				CLANG_WARN_STRICT_PROTOTYPES = YES;
				CLANG_WARN_SUSPICIOUS_MOVE = YES;
				CLANG_WARN_UNGUARDED_AVAILABILITY = YES_AGGRESSIVE;
				CLANG_WARN_UNREACHABLE_CODE = YES;
				CLANG_WARN__DUPLICATE_METHOD_MATCH = YES;
				COPY_PHASE_STRIP = NO;
				DEBUG_INFORMATION_FORMAT = "dwarf-with-dsym";
				ENABLE_NS_ASSERTIONS = NO;
				ENABLE_STRICT_OBJC_MSGSEND = YES;
				GCC_C_LANGUAGE_STANDARD = gnu11;
				GCC_NO_COMMON_BLOCKS = YES;
				GCC_WARN_64_TO_32_BIT_CONVERSION = YES;
				GCC_WARN_ABOUT_RETURN_TYPE = YES_ERROR;
				GCC_WARN_UNDECLARED_SELECTOR = YES;
				GCC_WARN_UNINITIALIZED_AUTOS = YES_AGGRESSIVE;
				GCC_WARN_UNUSED_FUNCTION = YES;
				GCC_WARN_UNUSED_VARIABLE = YES;
				IPHONEOS_DEPLOYMENT_TARGET = 15.5;
				MTL_ENABLE_DEBUG_INFO = NO;
				MTL_FAST_MATH = YES;
				SDKROOT = iphoneos;
				SWIFT_COMPILATION_MODE = wholemodule;
				SWIFT_OPTIMIZATION_LEVEL = "-O";
				VALIDATE_PRODUCT = YES;
			};
			name = Release;
		};
		510129BA295E511F00BEBEE0 /* Debug */ = {
			isa = XCBuildConfiguration;
			buildSettings = {
				ASSETCATALOG_COMPILER_APPICON_NAME = AppIcon;
				ASSETCATALOG_COMPILER_GLOBAL_ACCENT_COLOR_NAME = AccentColor;
				CODE_SIGN_STYLE = Automatic;
				CURRENT_PROJECT_VERSION = 1;
				DEVELOPMENT_TEAM = M5JCS9BP69;
				GENERATE_INFOPLIST_FILE = YES;
				INFOPLIST_FILE = RickAndMortyClone/Info.plist;
				INFOPLIST_KEY_CFBundleDisplayName = "Rick & Morty";
				INFOPLIST_KEY_UIApplicationSupportsIndirectInputEvents = YES;
				INFOPLIST_KEY_UILaunchStoryboardName = LaunchScreen;
				INFOPLIST_KEY_UISupportedInterfaceOrientations_iPad = "UIInterfaceOrientationPortrait UIInterfaceOrientationPortraitUpsideDown UIInterfaceOrientationLandscapeLeft UIInterfaceOrientationLandscapeRight";
				INFOPLIST_KEY_UISupportedInterfaceOrientations_iPhone = "UIInterfaceOrientationPortrait UIInterfaceOrientationLandscapeLeft UIInterfaceOrientationLandscapeRight";
				LD_RUNPATH_SEARCH_PATHS = (
					"$(inherited)",
					"@executable_path/Frameworks",
				);
				MARKETING_VERSION = 1.0;
				PRODUCT_BUNDLE_IDENTIFIER = com.salehmasum.RickAndMortyClone;
				PRODUCT_NAME = "$(TARGET_NAME)";
				SWIFT_EMIT_LOC_STRINGS = YES;
				SWIFT_VERSION = 5.0;
				TARGETED_DEVICE_FAMILY = "1,2";
			};
			name = Debug;
		};
		510129BB295E511F00BEBEE0 /* Release */ = {
			isa = XCBuildConfiguration;
			buildSettings = {
				ASSETCATALOG_COMPILER_APPICON_NAME = AppIcon;
				ASSETCATALOG_COMPILER_GLOBAL_ACCENT_COLOR_NAME = AccentColor;
				CODE_SIGN_STYLE = Automatic;
				CURRENT_PROJECT_VERSION = 1;
				DEVELOPMENT_TEAM = M5JCS9BP69;
				GENERATE_INFOPLIST_FILE = YES;
				INFOPLIST_FILE = RickAndMortyClone/Info.plist;
				INFOPLIST_KEY_CFBundleDisplayName = "Rick & Morty";
				INFOPLIST_KEY_UIApplicationSupportsIndirectInputEvents = YES;
				INFOPLIST_KEY_UILaunchStoryboardName = LaunchScreen;
				INFOPLIST_KEY_UISupportedInterfaceOrientations_iPad = "UIInterfaceOrientationPortrait UIInterfaceOrientationPortraitUpsideDown UIInterfaceOrientationLandscapeLeft UIInterfaceOrientationLandscapeRight";
				INFOPLIST_KEY_UISupportedInterfaceOrientations_iPhone = "UIInterfaceOrientationPortrait UIInterfaceOrientationLandscapeLeft UIInterfaceOrientationLandscapeRight";
				LD_RUNPATH_SEARCH_PATHS = (
					"$(inherited)",
					"@executable_path/Frameworks",
				);
				MARKETING_VERSION = 1.0;
				PRODUCT_BUNDLE_IDENTIFIER = com.salehmasum.RickAndMortyClone;
				PRODUCT_NAME = "$(TARGET_NAME)";
				SWIFT_EMIT_LOC_STRINGS = YES;
				SWIFT_VERSION = 5.0;
				TARGETED_DEVICE_FAMILY = "1,2";
			};
			name = Release;
		};
/* End XCBuildConfiguration section */

/* Begin XCConfigurationList section */
		510129A0295E511B00BEBEE0 /* Build configuration list for PBXProject "RickAndMortyClone" */ = {
			isa = XCConfigurationList;
			buildConfigurations = (
				510129B7295E511F00BEBEE0 /* Debug */,
				510129B8295E511F00BEBEE0 /* Release */,
			);
			defaultConfigurationIsVisible = 0;
			defaultConfigurationName = Release;
		};
		510129B9295E511F00BEBEE0 /* Build configuration list for PBXNativeTarget "RickAndMortyClone" */ = {
			isa = XCConfigurationList;
			buildConfigurations = (
				510129BA295E511F00BEBEE0 /* Debug */,
				510129BB295E511F00BEBEE0 /* Release */,
			);
			defaultConfigurationIsVisible = 0;
			defaultConfigurationName = Release;
		};
/* End XCConfigurationList section */
	};
	rootObject = 5101299D295E511B00BEBEE0 /* Project object */;
}
