// !$*UTF8*$!
{
	archiveVersion = 1;
	classes = {
	};
	objectVersion = 55;
	objects = {

/* Begin PBXBuildFile section */
		510129A9295E511B00BEBEE0 /* AppDelegate.swift in Sources */ = {isa = PBXBuildFile; fileRef = 510129A8295E511B00BEBEE0 /* AppDelegate.swift */; };
		510129AB295E511B00BEBEE0 /* SceneDelegate.swift in Sources */ = {isa = PBXBuildFile; fileRef = 510129AA295E511B00BEBEE0 /* SceneDelegate.swift */; };
		510129AD295E511B00BEBEE0 /* MainTabbarController.swift in Sources */ = {isa = PBXBuildFile; fileRef = 510129AC295E511B00BEBEE0 /* MainTabbarController.swift */; };
		510129B2295E511F00BEBEE0 /* Assets.xcassets in Resources */ = {isa = PBXBuildFile; fileRef = 510129B1295E511F00BEBEE0 /* Assets.xcassets */; };
		510129B5295E511F00BEBEE0 /* LaunchScreen.storyboard in Resources */ = {isa = PBXBuildFile; fileRef = 510129B3295E511F00BEBEE0 /* LaunchScreen.storyboard */; };
		510129C4295E587200BEBEE0 /* Location.swift in Sources */ = {isa = PBXBuildFile; fileRef = 510129C3295E587200BEBEE0 /* Location.swift */; };
		510129C6295E5FE600BEBEE0 /* Character.swift in Sources */ = {isa = PBXBuildFile; fileRef = 510129C5295E5FE600BEBEE0 /* Character.swift */; };
		510129C8295E5FEE00BEBEE0 /* Episode.swift in Sources */ = {isa = PBXBuildFile; fileRef = 510129C7295E5FEE00BEBEE0 /* Episode.swift */; };
		510129CB295E60F000BEBEE0 /* CharacterViewController.swift in Sources */ = {isa = PBXBuildFile; fileRef = 510129CA295E60F000BEBEE0 /* CharacterViewController.swift */; };
		510129CD295E615F00BEBEE0 /* LocationViewController.swift in Sources */ = {isa = PBXBuildFile; fileRef = 510129CC295E615F00BEBEE0 /* LocationViewController.swift */; };
		510129CF295E616E00BEBEE0 /* EpisodeViewController.swift in Sources */ = {isa = PBXBuildFile; fileRef = 510129CE295E616E00BEBEE0 /* EpisodeViewController.swift */; };
		510129D1295E61B500BEBEE0 /* SettingsViewController.swift in Sources */ = {isa = PBXBuildFile; fileRef = 510129D0295E61B500BEBEE0 /* SettingsViewController.swift */; };
/* End PBXBuildFile section */

/* Begin PBXFileReference section */
		510129A5295E511B00BEBEE0 /* RickAndMortyClone.app */ = {isa = PBXFileReference; explicitFileType = wrapper.application; includeInIndex = 0; path = RickAndMortyClone.app; sourceTree = BUILT_PRODUCTS_DIR; };
		510129A8295E511B00BEBEE0 /* AppDelegate.swift */ = {isa = PBXFileReference; lastKnownFileType = sourcecode.swift; path = AppDelegate.swift; sourceTree = "<group>"; };
		510129AA295E511B00BEBEE0 /* SceneDelegate.swift */ = {isa = PBXFileReference; lastKnownFileType = sourcecode.swift; path = SceneDelegate.swift; sourceTree = "<group>"; };
		510129AC295E511B00BEBEE0 /* MainTabbarController.swift */ = {isa = PBXFileReference; lastKnownFileType = sourcecode.swift; path = MainTabbarController.swift; sourceTree = "<group>"; };
		510129B1295E511F00BEBEE0 /* Assets.xcassets */ = {isa = PBXFileReference; lastKnownFileType = folder.assetcatalog; path = Assets.xcassets; sourceTree = "<group>"; };
		510129B4295E511F00BEBEE0 /* Base */ = {isa = PBXFileReference; lastKnownFileType = file.storyboard; name = Base; path = Base.lproj/LaunchScreen.storyboard; sourceTree = "<group>"; };
		510129B6295E511F00BEBEE0 /* Info.plist */ = {isa = PBXFileReference; lastKnownFileType = text.plist.xml; path = Info.plist; sourceTree = "<group>"; };
		510129C3295E587200BEBEE0 /* Location.swift */ = {isa = PBXFileReference; lastKnownFileType = sourcecode.swift; path = Location.swift; sourceTree = "<group>"; };
		510129C5295E5FE600BEBEE0 /* Character.swift */ = {isa = PBXFileReference; lastKnownFileType = sourcecode.swift; path = Character.swift; sourceTree = "<group>"; };
		510129C7295E5FEE00BEBEE0 /* Episode.swift */ = {isa = PBXFileReference; lastKnownFileType = sourcecode.swift; path = Episode.swift; sourceTree = "<group>"; };
		510129CA295E60F000BEBEE0 /* CharacterViewController.swift */ = {isa = PBXFileReference; lastKnownFileType = sourcecode.swift; path = CharacterViewController.swift; sourceTree = "<group>"; };
		510129CC295E615F00BEBEE0 /* LocationViewController.swift */ = {isa = PBXFileReference; lastKnownFileType = sourcecode.swift; path = LocationViewController.swift; sourceTree = "<group>"; };
		510129CE295E616E00BEBEE0 /* EpisodeViewController.swift */ = {isa = PBXFileReference; lastKnownFileType = sourcecode.swift; path = EpisodeViewController.swift; sourceTree = "<group>"; };
		510129D0295E61B500BEBEE0 /* SettingsViewController.swift */ = {isa = PBXFileReference; lastKnownFileType = sourcecode.swift; path = SettingsViewController.swift; sourceTree = "<group>"; };
/* End PBXFileReference section */

/* Begin PBXFrameworksBuildPhase section */
		510129A2295E511B00BEBEE0 /* Frameworks */ = {
			isa = PBXFrameworksBuildPhase;
			buildActionMask = 2147483647;
			files = (
			);
			runOnlyForDeploymentPostprocessing = 0;
		};
/* End PBXFrameworksBuildPhase section */

/* Begin PBXGroup section */
		5101299C295E511B00BEBEE0 = {
			isa = PBXGroup;
			children = (
				510129A7295E511B00BEBEE0 /* RickAndMortyClone */,
				510129A6295E511B00BEBEE0 /* Products */,
			);
			sourceTree = "<group>";
		};
		510129A6295E511B00BEBEE0 /* Products */ = {
			isa = PBXGroup;
			children = (
				510129A5295E511B00BEBEE0 /* RickAndMortyClone.app */,
			);
			name = Products;
			sourceTree = "<group>";
		};
		510129A7295E511B00BEBEE0 /* RickAndMortyClone */ = {
			isa = PBXGroup;
			children = (
				510129C2295E572500BEBEE0 /* Resources */,
				510129C0295E56E900BEBEE0 /* Managers */,
				510129C1295E571800BEBEE0 /* APIClient */,
				510129BF295E56C400BEBEE0 /* ViewModels */,
				510129BE295E56AF00BEBEE0 /* Views */,
				510129BD295E56A700BEBEE0 /* Models */,
				510129BC295E569D00BEBEE0 /* Controllers */,
				510129B6295E511F00BEBEE0 /* Info.plist */,
			);
			path = RickAndMortyClone;
			sourceTree = "<group>";
		};
		510129BC295E569D00BEBEE0 /* Controllers */ = {
			isa = PBXGroup;
			children = (
				510129C9295E607600BEBEE0 /* Core */,
			);
			path = Controllers;
			sourceTree = "<group>";
		};
		510129BD295E56A700BEBEE0 /* Models */ = {
			isa = PBXGroup;
			children = (
				510129C3295E587200BEBEE0 /* Location.swift */,
				510129C5295E5FE600BEBEE0 /* Character.swift */,
				510129C7295E5FEE00BEBEE0 /* Episode.swift */,
			);
			path = Models;
			sourceTree = "<group>";
		};
		510129BE295E56AF00BEBEE0 /* Views */ = {
			isa = PBXGroup;
			children = (
			);
			path = Views;
			sourceTree = "<group>";
		};
		510129BF295E56C400BEBEE0 /* ViewModels */ = {
			isa = PBXGroup;
			children = (
			);
			path = ViewModels;
			sourceTree = "<group>";
		};
		510129C0295E56E900BEBEE0 /* Managers */ = {
			isa = PBXGroup;
			children = (
			);
			path = Managers;
			sourceTree = "<group>";
		};
		510129C1295E571800BEBEE0 /* APIClient */ = {
			isa = PBXGroup;
			children = (
			);
			path = APIClient;
			sourceTree = "<group>";
		};
		510129C2295E572500BEBEE0 /* Resources */ = {
			isa = PBXGroup;
			children = (
				510129B1295E511F00BEBEE0 /* Assets.xcassets */,
				510129B3295E511F00BEBEE0 /* LaunchScreen.storyboard */,
				510129A8295E511B00BEBEE0 /* AppDelegate.swift */,
				510129AA295E511B00BEBEE0 /* SceneDelegate.swift */,
			);
			path = Resources;
			sourceTree = "<group>";
		};
		510129C9295E607600BEBEE0 /* Core */ = {
			isa = PBXGroup;
			children = (
				510129AC295E511B00BEBEE0 /* MainTabbarController.swift */,
				510129CA295E60F000BEBEE0 /* CharacterViewController.swift */,
				510129CC295E615F00BEBEE0 /* LocationViewController.swift */,
				510129CE295E616E00BEBEE0 /* EpisodeViewController.swift */,
				510129D0295E61B500BEBEE0 /* SettingsViewController.swift */,
			);
			path = Core;
			sourceTree = "<group>";
		};
/* End PBXGroup section */

/* Begin PBXNativeTarget section */
		510129A4295E511B00BEBEE0 /* RickAndMortyClone */ = {
			isa = PBXNativeTarget;
			buildConfigurationList = 510129B9295E511F00BEBEE0 /* Build configuration list for PBXNativeTarget "RickAndMortyClone" */;
			buildPhases = (
				510129A1295E511B00BEBEE0 /* Sources */,
				510129A2295E511B00BEBEE0 /* Frameworks */,
				510129A3295E511B00BEBEE0 /* Resources */,
			);
			buildRules = (
			);
			dependencies = (
			);
			name = RickAndMortyClone;
			productName = RickAndMortyClone;
			productReference = 510129A5295E511B00BEBEE0 /* RickAndMortyClone.app */;
			productType = "com.apple.product-type.application";
		};
/* End PBXNativeTarget section */

/* Begin PBXProject section */
		5101299D295E511B00BEBEE0 /* Project object */ = {
			isa = PBXProject;
			attributes = {
				BuildIndependentTargetsInParallel = 1;
				LastSwiftUpdateCheck = 1340;
				LastUpgradeCheck = 1340;
				TargetAttributes = {
					510129A4295E511B00BEBEE0 = {
						CreatedOnToolsVersion = 13.4.1;
					};
				};
			};
			buildConfigurationList = 510129A0295E511B00BEBEE0 /* Build configuration list for PBXProject "RickAndMortyClone" */;
			compatibilityVersion = "Xcode 13.0";
			developmentRegion = en;
			hasScannedForEncodings = 0;
			knownRegions = (
				en,
				Base,
			);
			mainGroup = 5101299C295E511B00BEBEE0;
			productRefGroup = 510129A6295E511B00BEBEE0 /* Products */;
			projectDirPath = "";
			projectRoot = "";
			targets = (
				510129A4295E511B00BEBEE0 /* RickAndMortyClone */,
			);
		};
/* End PBXProject section */

/* Begin PBXResourcesBuildPhase section */
		510129A3295E511B00BEBEE0 /* Resources */ = {
			isa = PBXResourcesBuildPhase;
			buildActionMask = 2147483647;
			files = (
				510129B5295E511F00BEBEE0 /* LaunchScreen.storyboard in Resources */,
				510129B2295E511F00BEBEE0 /* Assets.xcassets in Resources */,
			);
			runOnlyForDeploymentPostprocessing = 0;
		};
/* End PBXResourcesBuildPhase section */

/* Begin PBXSourcesBuildPhase section */
		510129A1295E511B00BEBEE0 /* Sources */ = {
			isa = PBXSourcesBuildPhase;
			buildActionMask = 2147483647;
			files = (
				510129AD295E511B00BEBEE0 /* MainTabbarController.swift in Sources */,
				510129CF295E616E00BEBEE0 /* EpisodeViewController.swift in Sources */,
				510129C8295E5FEE00BEBEE0 /* Episode.swift in Sources */,
				510129D1295E61B500BEBEE0 /* SettingsViewController.swift in Sources */,
				510129CB295E60F000BEBEE0 /* CharacterViewController.swift in Sources */,
				510129A9295E511B00BEBEE0 /* AppDelegate.swift in Sources */,
				510129C6295E5FE600BEBEE0 /* Character.swift in Sources */,
				510129C4295E587200BEBEE0 /* Location.swift in Sources */,
				510129AB295E511B00BEBEE0 /* SceneDelegate.swift in Sources */,
				510129CD295E615F00BEBEE0 /* LocationViewController.swift in Sources */,
			);
			runOnlyForDeploymentPostprocessing = 0;
		};
/* End PBXSourcesBuildPhase section */

/* Begin PBXVariantGroup section */
		510129B3295E511F00BEBEE0 /* LaunchScreen.storyboard */ = {
			isa = PBXVariantGroup;
			children = (
				510129B4295E511F00BEBEE0 /* Base */,
			);
			name = LaunchScreen.storyboard;
			sourceTree = "<group>";
		};
/* End PBXVariantGroup section */

/* Begin XCBuildConfiguration section */
		510129B7295E511F00BEBEE0 /* Debug */ = {
			isa = XCBuildConfiguration;
			buildSettings = {
				ALWAYS_SEARCH_USER_PATHS = NO;
				CLANG_ANALYZER_NONNULL = YES;
				CLANG_ANALYZER_NUMBER_OBJECT_CONVERSION = YES_AGGRESSIVE;
				CLANG_CXX_LANGUAGE_STANDARD = "gnu++17";
				CLANG_ENABLE_MODULES = YES;
				CLANG_ENABLE_OBJC_ARC = YES;
				CLANG_ENABLE_OBJC_WEAK = YES;
				CLANG_WARN_BLOCK_CAPTURE_AUTORELEASING = YES;
				CLANG_WARN_BOOL_CONVERSION = YES;
				CLANG_WARN_COMMA = YES;
				CLANG_WARN_CONSTANT_CONVERSION = YES;
				CLANG_WARN_DEPRECATED_OBJC_IMPLEMENTATIONS = YES;
				CLANG_WARN_DIRECT_OBJC_ISA_USAGE = YES_ERROR;
				CLANG_WARN_DOCUMENTATION_COMMENTS = YES;
				CLANG_WARN_EMPTY_BODY = YES;
				CLANG_WARN_ENUM_CONVERSION = YES;
				CLANG_WARN_INFINITE_RECURSION = YES;
				CLANG_WARN_INT_CONVERSION = YES;
				CLANG_WARN_NON_LITERAL_NULL_CONVERSION = YES;
				CLANG_WARN_OBJC_IMPLICIT_RETAIN_SELF = YES;
				CLANG_WARN_OBJC_LITERAL_CONVERSION = YES;
				CLANG_WARN_OBJC_ROOT_CLASS = YES_ERROR;
				CLANG_WARN_QUOTED_INCLUDE_IN_FRAMEWORK_HEADER = YES;
				CLANG_WARN_RANGE_LOOP_ANALYSIS = YES;
				CLANG_WARN_STRICT_PROTOTYPES = YES;
				CLANG_WARN_SUSPICIOUS_MOVE = YES;
				CLANG_WARN_UNGUARDED_AVAILABILITY = YES_AGGRESSIVE;
				CLANG_WARN_UNREACHABLE_CODE = YES;
				CLANG_WARN__DUPLICATE_METHOD_MATCH = YES;
				COPY_PHASE_STRIP = NO;
				DEBUG_INFORMATION_FORMAT = dwarf;
				ENABLE_STRICT_OBJC_MSGSEND = YES;
				ENABLE_TESTABILITY = YES;
				GCC_C_LANGUAGE_STANDARD = gnu11;
				GCC_DYNAMIC_NO_PIC = NO;
				GCC_NO_COMMON_BLOCKS = YES;
				GCC_OPTIMIZATION_LEVEL = 0;
				GCC_PREPROCESSOR_DEFINITIONS = (
					"DEBUG=1",
					"$(inherited)",
				);
				GCC_WARN_64_TO_32_BIT_CONVERSION = YES;
				GCC_WARN_ABOUT_RETURN_TYPE = YES_ERROR;
				GCC_WARN_UNDECLARED_SELECTOR = YES;
				GCC_WARN_UNINITIALIZED_AUTOS = YES_AGGRESSIVE;
				GCC_WARN_UNUSED_FUNCTION = YES;
				GCC_WARN_UNUSED_VARIABLE = YES;
				IPHONEOS_DEPLOYMENT_TARGET = 15.5;
				MTL_ENABLE_DEBUG_INFO = INCLUDE_SOURCE;
				MTL_FAST_MATH = YES;
				ONLY_ACTIVE_ARCH = YES;
				SDKROOT = iphoneos;
				SWIFT_ACTIVE_COMPILATION_CONDITIONS = DEBUG;
				SWIFT_OPTIMIZATION_LEVEL = "-Onone";
			};
			name = Debug;
		};
		510129B8295E511F00BEBEE0 /* Release */ = {
			isa = XCBuildConfiguration;
			buildSettings = {
				ALWAYS_SEARCH_USER_PATHS = NO;
				CLANG_ANALYZER_NONNULL = YES;
				CLANG_ANALYZER_NUMBER_OBJECT_CONVERSION = YES_AGGRESSIVE;
				CLANG_CXX_LANGUAGE_STANDARD = "gnu++17";
				CLANG_ENABLE_MODULES = YES;
				CLANG_ENABLE_OBJC_ARC = YES;
				CLANG_ENABLE_OBJC_WEAK = YES;
				CLANG_WARN_BLOCK_CAPTURE_AUTORELEASING = YES;
				CLANG_WARN_BOOL_CONVERSION = YES;
				CLANG_WARN_COMMA = YES;
				CLANG_WARN_CONSTANT_CONVERSION = YES;
				CLANG_WARN_DEPRECATED_OBJC_IMPLEMENTATIONS = YES;
				CLANG_WARN_DIRECT_OBJC_ISA_USAGE = YES_ERROR;
				CLANG_WARN_DOCUMENTATION_COMMENTS = YES;
				CLANG_WARN_EMPTY_BODY = YES;
				CLANG_WARN_ENUM_CONVERSION = YES;
				CLANG_WARN_INFINITE_RECURSION = YES;
				CLANG_WARN_INT_CONVERSION = YES;
				CLANG_WARN_NON_LITERAL_NULL_CONVERSION = YES;
				CLANG_WARN_OBJC_IMPLICIT_RETAIN_SELF = YES;
				CLANG_WARN_OBJC_LITERAL_CONVERSION = YES;
				CLANG_WARN_OBJC_ROOT_CLASS = YES_ERROR;
				CLANG_WARN_QUOTED_INCLUDE_IN_FRAMEWORK_HEADER = YES;
				CLANG_WARN_RANGE_LOOP_ANALYSIS = YES;
				CLANG_WARN_STRICT_PROTOTYPES = YES;
				CLANG_WARN_SUSPICIOUS_MOVE = YES;
				CLANG_WARN_UNGUARDED_AVAILABILITY = YES_AGGRESSIVE;
				CLANG_WARN_UNREACHABLE_CODE = YES;
				CLANG_WARN__DUPLICATE_METHOD_MATCH = YES;
				COPY_PHASE_STRIP = NO;
				DEBUG_INFORMATION_FORMAT = "dwarf-with-dsym";
				ENABLE_NS_ASSERTIONS = NO;
				ENABLE_STRICT_OBJC_MSGSEND = YES;
				GCC_C_LANGUAGE_STANDARD = gnu11;
				GCC_NO_COMMON_BLOCKS = YES;
				GCC_WARN_64_TO_32_BIT_CONVERSION = YES;
				GCC_WARN_ABOUT_RETURN_TYPE = YES_ERROR;
				GCC_WARN_UNDECLARED_SELECTOR = YES;
				GCC_WARN_UNINITIALIZED_AUTOS = YES_AGGRESSIVE;
				GCC_WARN_UNUSED_FUNCTION = YES;
				GCC_WARN_UNUSED_VARIABLE = YES;
				IPHONEOS_DEPLOYMENT_TARGET = 15.5;
				MTL_ENABLE_DEBUG_INFO = NO;
				MTL_FAST_MATH = YES;
				SDKROOT = iphoneos;
				SWIFT_COMPILATION_MODE = wholemodule;
				SWIFT_OPTIMIZATION_LEVEL = "-O";
				VALIDATE_PRODUCT = YES;
			};
			name = Release;
		};
		510129BA295E511F00BEBEE0 /* Debug */ = {
			isa = XCBuildConfiguration;
			buildSettings = {
				ASSETCATALOG_COMPILER_APPICON_NAME = AppIcon;
				ASSETCATALOG_COMPILER_GLOBAL_ACCENT_COLOR_NAME = AccentColor;
				CODE_SIGN_STYLE = Automatic;
				CURRENT_PROJECT_VERSION = 1;
				DEVELOPMENT_TEAM = M5JCS9BP69;
				GENERATE_INFOPLIST_FILE = YES;
				INFOPLIST_FILE = RickAndMortyClone/Info.plist;
				INFOPLIST_KEY_UIApplicationSupportsIndirectInputEvents = YES;
				INFOPLIST_KEY_UILaunchStoryboardName = LaunchScreen;
				INFOPLIST_KEY_UISupportedInterfaceOrientations_iPad = "UIInterfaceOrientationPortrait UIInterfaceOrientationPortraitUpsideDown UIInterfaceOrientationLandscapeLeft UIInterfaceOrientationLandscapeRight";
				INFOPLIST_KEY_UISupportedInterfaceOrientations_iPhone = "UIInterfaceOrientationPortrait UIInterfaceOrientationLandscapeLeft UIInterfaceOrientationLandscapeRight";
				LD_RUNPATH_SEARCH_PATHS = (
					"$(inherited)",
					"@executable_path/Frameworks",
				);
				MARKETING_VERSION = 1.0;
				PRODUCT_BUNDLE_IDENTIFIER = com.salehmasum.RickAndMortyClone;
				PRODUCT_NAME = "$(TARGET_NAME)";
				SWIFT_EMIT_LOC_STRINGS = YES;
				SWIFT_VERSION = 5.0;
				TARGETED_DEVICE_FAMILY = "1,2";
			};
			name = Debug;
		};
		510129BB295E511F00BEBEE0 /* Release */ = {
			isa = XCBuildConfiguration;
			buildSettings = {
				ASSETCATALOG_COMPILER_APPICON_NAME = AppIcon;
				ASSETCATALOG_COMPILER_GLOBAL_ACCENT_COLOR_NAME = AccentColor;
				CODE_SIGN_STYLE = Automatic;
				CURRENT_PROJECT_VERSION = 1;
				DEVELOPMENT_TEAM = M5JCS9BP69;
				GENERATE_INFOPLIST_FILE = YES;
				INFOPLIST_FILE = RickAndMortyClone/Info.plist;
				INFOPLIST_KEY_UIApplicationSupportsIndirectInputEvents = YES;
				INFOPLIST_KEY_UILaunchStoryboardName = LaunchScreen;
				INFOPLIST_KEY_UISupportedInterfaceOrientations_iPad = "UIInterfaceOrientationPortrait UIInterfaceOrientationPortraitUpsideDown UIInterfaceOrientationLandscapeLeft UIInterfaceOrientationLandscapeRight";
				INFOPLIST_KEY_UISupportedInterfaceOrientations_iPhone = "UIInterfaceOrientationPortrait UIInterfaceOrientationLandscapeLeft UIInterfaceOrientationLandscapeRight";
				LD_RUNPATH_SEARCH_PATHS = (
					"$(inherited)",
					"@executable_path/Frameworks",
				);
				MARKETING_VERSION = 1.0;
				PRODUCT_BUNDLE_IDENTIFIER = com.salehmasum.RickAndMortyClone;
				PRODUCT_NAME = "$(TARGET_NAME)";
				SWIFT_EMIT_LOC_STRINGS = YES;
				SWIFT_VERSION = 5.0;
				TARGETED_DEVICE_FAMILY = "1,2";
			};
			name = Release;
		};
/* End XCBuildConfiguration section */

/* Begin XCConfigurationList section */
		510129A0295E511B00BEBEE0 /* Build configuration list for PBXProject "RickAndMortyClone" */ = {
			isa = XCConfigurationList;
			buildConfigurations = (
				510129B7295E511F00BEBEE0 /* Debug */,
				510129B8295E511F00BEBEE0 /* Release */,
			);
			defaultConfigurationIsVisible = 0;
			defaultConfigurationName = Release;
		};
		510129B9295E511F00BEBEE0 /* Build configuration list for PBXNativeTarget "RickAndMortyClone" */ = {
			isa = XCConfigurationList;
			buildConfigurations = (
				510129BA295E511F00BEBEE0 /* Debug */,
				510129BB295E511F00BEBEE0 /* Release */,
			);
			defaultConfigurationIsVisible = 0;
			defaultConfigurationName = Release;
		};
/* End XCConfigurationList section */
	};
	rootObject = 5101299D295E511B00BEBEE0 /* Project object */;
}
